
Microsoft Visual Studio Solution File, Format Version 12.00
# Visual Studio Version 16
VisualStudioVersion = 16.0.31205.134
MinimumVisualStudioVersion = 10.0.40219.1
Project("{FAE04EC0-301F-11D3-BF4B-00C04F79EFBC}") = "Lab4", "Lab4\Lab4.csproj", "{07B0AAF8-689A-453E-A55F-78FE41A5BA3D}"
EndProject
Global
	GlobalSection(SolutionConfigurationPlatforms) = preSolution
		Debug|Any CPU = Debug|Any CPU
		Release|Any CPU = Release|Any CPU
	EndGlobalSection
	GlobalSection(ProjectConfigurationPlatforms) = postSolution
		{07B0AAF8-689A-453E-A55F-78FE41A5BA3D}.Debug|Any CPU.ActiveCfg = Debug|Any CPU
		{07B0AAF8-689A-453E-A55F-78FE41A5BA3D}.Debug|Any CPU.Build.0 = Debug|Any CPU
		{07B0AAF8-689A-453E-A55F-78FE41A5BA3D}.Release|Any CPU.ActiveCfg = Release|Any CPU
		{07B0AAF8-689A-453E-A55F-78FE41A5BA3D}.Release|Any CPU.Build.0 = Release|Any CPU
	EndGlobalSection
	GlobalSection(SolutionProperties) = preSolution
		HideSolutionNode = FALSE
	EndGlobalSection
	GlobalSection(ExtensibilityGlobals) = postSolution
		SolutionGuid = {2F48E3F3-439D-456F-A93C-CAFAE949B974}
	EndGlobalSection
EndGlobal
